
Microsoft Visual Studio Solution File, Format Version 12.00
# Visual Studio 15
VisualStudioVersion = 15.0.27428.2005
MinimumVisualStudioVersion = 10.0.40219.1
Project("{8BC9CEB8-8B4A-11D0-8D11-00A0C91BC942}") = "Ass5.2Patternprint", "Ass5.2Patternprint\Ass5.2Patternprint.vcxproj", "{4CF87F09-4209-423C-A983-49ED34318D54}"
EndProject
Global
	GlobalSection(SolutionConfigurationPlatforms) = preSolution
		Debug|x64 = Debug|x64
		Debug|x86 = Debug|x86
		Release|x64 = Release|x64
		Release|x86 = Release|x86
	EndGlobalSection
	GlobalSection(ProjectConfigurationPlatforms) = postSolution
		{4CF87F09-4209-423C-A983-49ED34318D54}.Debug|x64.ActiveCfg = Debug|x64
		{4CF87F09-4209-423C-A983-49ED34318D54}.Debug|x64.Build.0 = Debug|x64
		{4CF87F09-4209-423C-A983-49ED34318D54}.Debug|x86.ActiveCfg = Debug|Win32
		{4CF87F09-4209-423C-A983-49ED34318D54}.Debug|x86.Build.0 = Debug|Win32
		{4CF87F09-4209-423C-A983-49ED34318D54}.Release|x64.ActiveCfg = Release|x64
		{4CF87F09-4209-423C-A983-49ED34318D54}.Release|x64.Build.0 = Release|x64
		{4CF87F09-4209-423C-A983-49ED34318D54}.Release|x86.ActiveCfg = Release|Win32
		{4CF87F09-4209-423C-A983-49ED34318D54}.Release|x86.Build.0 = Release|Win32
	EndGlobalSection
	GlobalSection(SolutionProperties) = preSolution
		HideSolutionNode = FALSE
	EndGlobalSection
	GlobalSection(ExtensibilityGlobals) = postSolution
		SolutionGuid = {7D030CC8-BD40-467F-A7A1-C6BABC375E0A}
	EndGlobalSection
EndGlobal
