
Microsoft Visual Studio Solution File, Format Version 12.00
# Visual Studio 15
VisualStudioVersion = 15.0.27428.2005
MinimumVisualStudioVersion = 10.0.40219.1
Project("{8BC9CEB8-8B4A-11D0-8D11-00A0C91BC942}") = "copy", "copy\copy.vcxproj", "{ABB4F4D3-8853-4B44-80F2-B93A1AA35552}"
EndProject
Global
	GlobalSection(SolutionConfigurationPlatforms) = preSolution
		Debug|x64 = Debug|x64
		Debug|x86 = Debug|x86
		Release|x64 = Release|x64
		Release|x86 = Release|x86
	EndGlobalSection
	GlobalSection(ProjectConfigurationPlatforms) = postSolution
		{ABB4F4D3-8853-4B44-80F2-B93A1AA35552}.Debug|x64.ActiveCfg = Debug|x64
		{ABB4F4D3-8853-4B44-80F2-B93A1AA35552}.Debug|x64.Build.0 = Debug|x64
		{ABB4F4D3-8853-4B44-80F2-B93A1AA35552}.Debug|x86.ActiveCfg = Debug|Win32
		{ABB4F4D3-8853-4B44-80F2-B93A1AA35552}.Debug|x86.Build.0 = Debug|Win32
		{ABB4F4D3-8853-4B44-80F2-B93A1AA35552}.Release|x64.ActiveCfg = Release|x64
		{ABB4F4D3-8853-4B44-80F2-B93A1AA35552}.Release|x64.Build.0 = Release|x64
		{ABB4F4D3-8853-4B44-80F2-B93A1AA35552}.Release|x86.ActiveCfg = Release|Win32
		{ABB4F4D3-8853-4B44-80F2-B93A1AA35552}.Release|x86.Build.0 = Release|Win32
	EndGlobalSection
	GlobalSection(SolutionProperties) = preSolution
		HideSolutionNode = FALSE
	EndGlobalSection
	GlobalSection(ExtensibilityGlobals) = postSolution
		SolutionGuid = {4FF81144-2505-44F7-B921-AED6B4B2DAA4}
	EndGlobalSection
EndGlobal
