
Microsoft Visual Studio Solution File, Format Version 12.00
# Visual Studio 15
VisualStudioVersion = 15.0.27428.2005
MinimumVisualStudioVersion = 10.0.40219.1
Project("{8BC9CEB8-8B4A-11D0-8D11-00A0C91BC942}") = "Ass6.1", "Ass6.1\Ass6.1.vcxproj", "{58268072-80DF-44DE-A486-6FB0B58169CA}"
EndProject
Global
	GlobalSection(SolutionConfigurationPlatforms) = preSolution
		Debug|x64 = Debug|x64
		Debug|x86 = Debug|x86
		Release|x64 = Release|x64
		Release|x86 = Release|x86
	EndGlobalSection
	GlobalSection(ProjectConfigurationPlatforms) = postSolution
		{58268072-80DF-44DE-A486-6FB0B58169CA}.Debug|x64.ActiveCfg = Debug|x64
		{58268072-80DF-44DE-A486-6FB0B58169CA}.Debug|x64.Build.0 = Debug|x64
		{58268072-80DF-44DE-A486-6FB0B58169CA}.Debug|x86.ActiveCfg = Debug|Win32
		{58268072-80DF-44DE-A486-6FB0B58169CA}.Debug|x86.Build.0 = Debug|Win32
		{58268072-80DF-44DE-A486-6FB0B58169CA}.Release|x64.ActiveCfg = Release|x64
		{58268072-80DF-44DE-A486-6FB0B58169CA}.Release|x64.Build.0 = Release|x64
		{58268072-80DF-44DE-A486-6FB0B58169CA}.Release|x86.ActiveCfg = Release|Win32
		{58268072-80DF-44DE-A486-6FB0B58169CA}.Release|x86.Build.0 = Release|Win32
	EndGlobalSection
	GlobalSection(SolutionProperties) = preSolution
		HideSolutionNode = FALSE
	EndGlobalSection
	GlobalSection(ExtensibilityGlobals) = postSolution
		SolutionGuid = {BE0940DD-1BA4-4D6B-92BD-7741C8347608}
	EndGlobalSection
EndGlobal
